// !$*UTF8*$!
{
	archiveVersion = 1;
	classes = {
	};
	objectVersion = 50;
	objects = {

/* Begin PBXBuildFile section */
		55475F27216951FF00B20F99 /* loginInfo.swift in Sources */ = {isa = PBXBuildFile; fileRef = 55475F26216951FF00B20F99 /* loginInfo.swift */; };
		55475F2B2169626F00B20F99 /* Delegate.swift in Sources */ = {isa = PBXBuildFile; fileRef = 55475F2A2169626F00B20F99 /* Delegate.swift */; };
		55475F2D2169758B00B20F99 /* TopicModel.swift in Sources */ = {isa = PBXBuildFile; fileRef = 55475F2C2169758B00B20F99 /* TopicModel.swift */; };
		55475F3321698C2F00B20F99 /* ApiGetInfo.swift in Sources */ = {isa = PBXBuildFile; fileRef = 55475F3221698C2F00B20F99 /* ApiGetInfo.swift */; };
		55C652DE2168E33400A6A90B /* AppDelegate.swift in Sources */ = {isa = PBXBuildFile; fileRef = 55C652DD2168E33400A6A90B /* AppDelegate.swift */; };
		55C652E02168E33400A6A90B /* ViewController.swift in Sources */ = {isa = PBXBuildFile; fileRef = 55C652DF2168E33400A6A90B /* ViewController.swift */; };
		55C652E32168E33400A6A90B /* Main.storyboard in Resources */ = {isa = PBXBuildFile; fileRef = 55C652E12168E33400A6A90B /* Main.storyboard */; };
		55C652E52168E33F00A6A90B /* Assets.xcassets in Resources */ = {isa = PBXBuildFile; fileRef = 55C652E42168E33F00A6A90B /* Assets.xcassets */; };
		55C652E82168E33F00A6A90B /* LaunchScreen.storyboard in Resources */ = {isa = PBXBuildFile; fileRef = 55C652E62168E33F00A6A90B /* LaunchScreen.storyboard */; };
		55C652F0216907B100A6A90B /* HomeViewController.swift in Sources */ = {isa = PBXBuildFile; fileRef = 55C652EF216907B000A6A90B /* HomeViewController.swift */; };
		55C652F221690D2B00A6A90B /* Token.swift in Sources */ = {isa = PBXBuildFile; fileRef = 55C652F121690D2B00A6A90B /* Token.swift */; };
		663ECF7D216A43E200DAD751 /* TopicTableViewCell.swift in Sources */ = {isa = PBXBuildFile; fileRef = 663ECF7C216A43E200DAD751 /* TopicTableViewCell.swift */; };
		663ECF7F216A545900DAD751 /* TopicViewController.swift in Sources */ = {isa = PBXBuildFile; fileRef = 663ECF7E216A545900DAD751 /* TopicViewController.swift */; };
		663ECF81216A605500DAD751 /* MessageTableViewCell.swift in Sources */ = {isa = PBXBuildFile; fileRef = 663ECF80216A605500DAD751 /* MessageTableViewCell.swift */; };
/* End PBXBuildFile section */

/* Begin PBXFileReference section */
		55475F26216951FF00B20F99 /* loginInfo.swift */ = {isa = PBXFileReference; lastKnownFileType = sourcecode.swift; path = loginInfo.swift; sourceTree = "<group>"; };
		55475F2A2169626F00B20F99 /* Delegate.swift */ = {isa = PBXFileReference; lastKnownFileType = sourcecode.swift; path = Delegate.swift; sourceTree = "<group>"; };
		55475F2C2169758B00B20F99 /* TopicModel.swift */ = {isa = PBXFileReference; lastKnownFileType = sourcecode.swift; path = TopicModel.swift; sourceTree = "<group>"; };
		55475F3221698C2F00B20F99 /* ApiGetInfo.swift */ = {isa = PBXFileReference; lastKnownFileType = sourcecode.swift; path = ApiGetInfo.swift; sourceTree = "<group>"; };
		55C652DA2168E33400A6A90B /* rush.app */ = {isa = PBXFileReference; explicitFileType = wrapper.application; includeInIndex = 0; path = rush.app; sourceTree = BUILT_PRODUCTS_DIR; };
		55C652DD2168E33400A6A90B /* AppDelegate.swift */ = {isa = PBXFileReference; lastKnownFileType = sourcecode.swift; path = AppDelegate.swift; sourceTree = "<group>"; };
		55C652DF2168E33400A6A90B /* ViewController.swift */ = {isa = PBXFileReference; lastKnownFileType = sourcecode.swift; path = ViewController.swift; sourceTree = "<group>"; };
		55C652E22168E33400A6A90B /* Base */ = {isa = PBXFileReference; lastKnownFileType = file.storyboard; name = Base; path = Base.lproj/Main.storyboard; sourceTree = "<group>"; };
		55C652E42168E33F00A6A90B /* Assets.xcassets */ = {isa = PBXFileReference; lastKnownFileType = folder.assetcatalog; path = Assets.xcassets; sourceTree = "<group>"; };
		55C652E72168E33F00A6A90B /* Base */ = {isa = PBXFileReference; lastKnownFileType = file.storyboard; name = Base; path = Base.lproj/LaunchScreen.storyboard; sourceTree = "<group>"; };
		55C652E92168E33F00A6A90B /* Info.plist */ = {isa = PBXFileReference; lastKnownFileType = text.plist.xml; path = Info.plist; sourceTree = "<group>"; };
		55C652EF216907B000A6A90B /* HomeViewController.swift */ = {isa = PBXFileReference; lastKnownFileType = sourcecode.swift; path = HomeViewController.swift; sourceTree = "<group>"; };
		55C652F121690D2B00A6A90B /* Token.swift */ = {isa = PBXFileReference; lastKnownFileType = sourcecode.swift; path = Token.swift; sourceTree = "<group>"; };
		663ECF7C216A43E200DAD751 /* TopicTableViewCell.swift */ = {isa = PBXFileReference; lastKnownFileType = sourcecode.swift; path = TopicTableViewCell.swift; sourceTree = "<group>"; };
		663ECF7E216A545900DAD751 /* TopicViewController.swift */ = {isa = PBXFileReference; lastKnownFileType = sourcecode.swift; path = TopicViewController.swift; sourceTree = "<group>"; };
		663ECF80216A605500DAD751 /* MessageTableViewCell.swift */ = {isa = PBXFileReference; lastKnownFileType = sourcecode.swift; path = MessageTableViewCell.swift; sourceTree = "<group>"; };
/* End PBXFileReference section */

/* Begin PBXFrameworksBuildPhase section */
		55C652D72168E33400A6A90B /* Frameworks */ = {
			isa = PBXFrameworksBuildPhase;
			buildActionMask = 2147483647;
			files = (
			);
			runOnlyForDeploymentPostprocessing = 0;
		};
/* End PBXFrameworksBuildPhase section */

/* Begin PBXGroup section */
		55C652D12168E33300A6A90B = {
			isa = PBXGroup;
			children = (
				55C652DC2168E33400A6A90B /* rush */,
				55C652DB2168E33400A6A90B /* Products */,
			);
			sourceTree = "<group>";
		};
		55C652DB2168E33400A6A90B /* Products */ = {
			isa = PBXGroup;
			children = (
				55C652DA2168E33400A6A90B /* rush.app */,
			);
			name = Products;
			sourceTree = "<group>";
		};
		55C652DC2168E33400A6A90B /* rush */ = {
			isa = PBXGroup;
			children = (
				55C652DD2168E33400A6A90B /* AppDelegate.swift */,
				55475F26216951FF00B20F99 /* loginInfo.swift */,
				55475F3221698C2F00B20F99 /* ApiGetInfo.swift */,
				55475F2A2169626F00B20F99 /* Delegate.swift */,
				55475F2C2169758B00B20F99 /* TopicModel.swift */,
				55C652E62168E33F00A6A90B /* LaunchScreen.storyboard */,
				55C652E92168E33F00A6A90B /* Info.plist */,
				55C652E42168E33F00A6A90B /* Assets.xcassets */,
				55C652F121690D2B00A6A90B /* Token.swift */,
				55C652DF2168E33400A6A90B /* ViewController.swift */,
				55C652EF216907B000A6A90B /* HomeViewController.swift */,
				55C652E12168E33400A6A90B /* Main.storyboard */,
				663ECF7C216A43E200DAD751 /* TopicTableViewCell.swift */,
				663ECF7E216A545900DAD751 /* TopicViewController.swift */,
				663ECF80216A605500DAD751 /* MessageTableViewCell.swift */,
			);
			path = rush;
			sourceTree = "<group>";
		};
/* End PBXGroup section */

/* Begin PBXNativeTarget section */
		55C652D92168E33400A6A90B /* rush */ = {
			isa = PBXNativeTarget;
			buildConfigurationList = 55C652EC2168E33F00A6A90B /* Build configuration list for PBXNativeTarget "rush" */;
			buildPhases = (
				55C652D62168E33400A6A90B /* Sources */,
				55C652D72168E33400A6A90B /* Frameworks */,
				55C652D82168E33400A6A90B /* Resources */,
			);
			buildRules = (
			);
			dependencies = (
			);
			name = rush;
			productName = rush;
			productReference = 55C652DA2168E33400A6A90B /* rush.app */;
			productType = "com.apple.product-type.application";
		};
/* End PBXNativeTarget section */

/* Begin PBXProject section */
		55C652D22168E33400A6A90B /* Project object */ = {
			isa = PBXProject;
			attributes = {
				LastSwiftUpdateCheck = 0940;
				LastUpgradeCheck = 0940;
				ORGANIZATIONNAME = "Mfundo MTHETHWA";
				TargetAttributes = {
					55C652D92168E33400A6A90B = {
						CreatedOnToolsVersion = 9.4.1;
					};
				};
			};
			buildConfigurationList = 55C652D52168E33400A6A90B /* Build configuration list for PBXProject "rush" */;
			compatibilityVersion = "Xcode 9.3";
			developmentRegion = en;
			hasScannedForEncodings = 0;
			knownRegions = (
				en,
				Base,
			);
			mainGroup = 55C652D12168E33300A6A90B;
			productRefGroup = 55C652DB2168E33400A6A90B /* Products */;
			projectDirPath = "";
			projectRoot = "";
			targets = (
				55C652D92168E33400A6A90B /* rush */,
			);
		};
/* End PBXProject section */

/* Begin PBXResourcesBuildPhase section */
		55C652D82168E33400A6A90B /* Resources */ = {
			isa = PBXResourcesBuildPhase;
			buildActionMask = 2147483647;
			files = (
				55C652E82168E33F00A6A90B /* LaunchScreen.storyboard in Resources */,
				55C652E52168E33F00A6A90B /* Assets.xcassets in Resources */,
				55C652E32168E33400A6A90B /* Main.storyboard in Resources */,
			);
			runOnlyForDeploymentPostprocessing = 0;
		};
/* End PBXResourcesBuildPhase section */

/* Begin PBXSourcesBuildPhase section */
		55C652D62168E33400A6A90B /* Sources */ = {
			isa = PBXSourcesBuildPhase;
			buildActionMask = 2147483647;
			files = (
				55C652E02168E33400A6A90B /* ViewController.swift in Sources */,
				55C652DE2168E33400A6A90B /* AppDelegate.swift in Sources */,
				55C652F0216907B100A6A90B /* HomeViewController.swift in Sources */,
				55475F2D2169758B00B20F99 /* TopicModel.swift in Sources */,
				663ECF81216A605500DAD751 /* MessageTableViewCell.swift in Sources */,
				55475F2B2169626F00B20F99 /* Delegate.swift in Sources */,
				55475F27216951FF00B20F99 /* loginInfo.swift in Sources */,
				55C652F221690D2B00A6A90B /* Token.swift in Sources */,
				663ECF7D216A43E200DAD751 /* TopicTableViewCell.swift in Sources */,
				663ECF7F216A545900DAD751 /* TopicViewController.swift in Sources */,
				55475F3321698C2F00B20F99 /* ApiGetInfo.swift in Sources */,
			);
			runOnlyForDeploymentPostprocessing = 0;
		};
/* End PBXSourcesBuildPhase section */

/* Begin PBXVariantGroup section */
		55C652E12168E33400A6A90B /* Main.storyboard */ = {
			isa = PBXVariantGroup;
			children = (
				55C652E22168E33400A6A90B /* Base */,
			);
			name = Main.storyboard;
			sourceTree = "<group>";
		};
		55C652E62168E33F00A6A90B /* LaunchScreen.storyboard */ = {
			isa = PBXVariantGroup;
			children = (
				55C652E72168E33F00A6A90B /* Base */,
			);
			name = LaunchScreen.storyboard;
			sourceTree = "<group>";
		};
/* End PBXVariantGroup section */

/* Begin XCBuildConfiguration section */
		55C652EA2168E33F00A6A90B /* Debug */ = {
			isa = XCBuildConfiguration;
			buildSettings = {
				ALWAYS_SEARCH_USER_PATHS = NO;
				CLANG_ANALYZER_NONNULL = YES;
				CLANG_ANALYZER_NUMBER_OBJECT_CONVERSION = YES_AGGRESSIVE;
				CLANG_CXX_LANGUAGE_STANDARD = "gnu++14";
				CLANG_CXX_LIBRARY = "libc++";
				CLANG_ENABLE_MODULES = YES;
				CLANG_ENABLE_OBJC_ARC = YES;
				CLANG_ENABLE_OBJC_WEAK = YES;
				CLANG_WARN_BLOCK_CAPTURE_AUTORELEASING = YES;
				CLANG_WARN_BOOL_CONVERSION = YES;
				CLANG_WARN_COMMA = YES;
				CLANG_WARN_CONSTANT_CONVERSION = YES;
				CLANG_WARN_DEPRECATED_OBJC_IMPLEMENTATIONS = YES;
				CLANG_WARN_DIRECT_OBJC_ISA_USAGE = YES_ERROR;
				CLANG_WARN_DOCUMENTATION_COMMENTS = YES;
				CLANG_WARN_EMPTY_BODY = YES;
				CLANG_WARN_ENUM_CONVERSION = YES;
				CLANG_WARN_INFINITE_RECURSION = YES;
				CLANG_WARN_INT_CONVERSION = YES;
				CLANG_WARN_NON_LITERAL_NULL_CONVERSION = YES;
				CLANG_WARN_OBJC_IMPLICIT_RETAIN_SELF = YES;
				CLANG_WARN_OBJC_LITERAL_CONVERSION = YES;
				CLANG_WARN_OBJC_ROOT_CLASS = YES_ERROR;
				CLANG_WARN_RANGE_LOOP_ANALYSIS = YES;
				CLANG_WARN_STRICT_PROTOTYPES = YES;
				CLANG_WARN_SUSPICIOUS_MOVE = YES;
				CLANG_WARN_UNGUARDED_AVAILABILITY = YES_AGGRESSIVE;
				CLANG_WARN_UNREACHABLE_CODE = YES;
				CLANG_WARN__DUPLICATE_METHOD_MATCH = YES;
				CODE_SIGN_IDENTITY = "iPhone Developer";
				COPY_PHASE_STRIP = NO;
				DEBUG_INFORMATION_FORMAT = dwarf;
				ENABLE_STRICT_OBJC_MSGSEND = YES;
				ENABLE_TESTABILITY = YES;
				GCC_C_LANGUAGE_STANDARD = gnu11;
				GCC_DYNAMIC_NO_PIC = NO;
				GCC_NO_COMMON_BLOCKS = YES;
				GCC_OPTIMIZATION_LEVEL = 0;
				GCC_PREPROCESSOR_DEFINITIONS = (
					"DEBUG=1",
					"$(inherited)",
				);
				GCC_WARN_64_TO_32_BIT_CONVERSION = YES;
				GCC_WARN_ABOUT_RETURN_TYPE = YES_ERROR;
				GCC_WARN_UNDECLARED_SELECTOR = YES;
				GCC_WARN_UNINITIALIZED_AUTOS = YES_AGGRESSIVE;
				GCC_WARN_UNUSED_FUNCTION = YES;
				GCC_WARN_UNUSED_VARIABLE = YES;
				IPHONEOS_DEPLOYMENT_TARGET = 11.4;
				MTL_ENABLE_DEBUG_INFO = YES;
				ONLY_ACTIVE_ARCH = YES;
				SDKROOT = iphoneos;
				SWIFT_ACTIVE_COMPILATION_CONDITIONS = DEBUG;
				SWIFT_OPTIMIZATION_LEVEL = "-Onone";
			};
			name = Debug;
		};
		55C652EB2168E33F00A6A90B /* Release */ = {
			isa = XCBuildConfiguration;
			buildSettings = {
				ALWAYS_SEARCH_USER_PATHS = NO;
				CLANG_ANALYZER_NONNULL = YES;
				CLANG_ANALYZER_NUMBER_OBJECT_CONVERSION = YES_AGGRESSIVE;
				CLANG_CXX_LANGUAGE_STANDARD = "gnu++14";
				CLANG_CXX_LIBRARY = "libc++";
				CLANG_ENABLE_MODULES = YES;
				CLANG_ENABLE_OBJC_ARC = YES;
				CLANG_ENABLE_OBJC_WEAK = YES;
				CLANG_WARN_BLOCK_CAPTURE_AUTORELEASING = YES;
				CLANG_WARN_BOOL_CONVERSION = YES;
				CLANG_WARN_COMMA = YES;
				CLANG_WARN_CONSTANT_CONVERSION = YES;
				CLANG_WARN_DEPRECATED_OBJC_IMPLEMENTATIONS = YES;
				CLANG_WARN_DIRECT_OBJC_ISA_USAGE = YES_ERROR;
				CLANG_WARN_DOCUMENTATION_COMMENTS = YES;
				CLANG_WARN_EMPTY_BODY = YES;
				CLANG_WARN_ENUM_CONVERSION = YES;
				CLANG_WARN_INFINITE_RECURSION = YES;
				CLANG_WARN_INT_CONVERSION = YES;
				CLANG_WARN_NON_LITERAL_NULL_CONVERSION = YES;
				CLANG_WARN_OBJC_IMPLICIT_RETAIN_SELF = YES;
				CLANG_WARN_OBJC_LITERAL_CONVERSION = YES;
				CLANG_WARN_OBJC_ROOT_CLASS = YES_ERROR;
				CLANG_WARN_RANGE_LOOP_ANALYSIS = YES;
				CLANG_WARN_STRICT_PROTOTYPES = YES;
				CLANG_WARN_SUSPICIOUS_MOVE = YES;
				CLANG_WARN_UNGUARDED_AVAILABILITY = YES_AGGRESSIVE;
				CLANG_WARN_UNREACHABLE_CODE = YES;
				CLANG_WARN__DUPLICATE_METHOD_MATCH = YES;
				CODE_SIGN_IDENTITY = "iPhone Developer";
				COPY_PHASE_STRIP = NO;
				DEBUG_INFORMATION_FORMAT = "dwarf-with-dsym";
				ENABLE_NS_ASSERTIONS = NO;
				ENABLE_STRICT_OBJC_MSGSEND = YES;
				GCC_C_LANGUAGE_STANDARD = gnu11;
				GCC_NO_COMMON_BLOCKS = YES;
				GCC_WARN_64_TO_32_BIT_CONVERSION = YES;
				GCC_WARN_ABOUT_RETURN_TYPE = YES_ERROR;
				GCC_WARN_UNDECLARED_SELECTOR = YES;
				GCC_WARN_UNINITIALIZED_AUTOS = YES_AGGRESSIVE;
				GCC_WARN_UNUSED_FUNCTION = YES;
				GCC_WARN_UNUSED_VARIABLE = YES;
				IPHONEOS_DEPLOYMENT_TARGET = 11.4;
				MTL_ENABLE_DEBUG_INFO = NO;
				SDKROOT = iphoneos;
				SWIFT_COMPILATION_MODE = wholemodule;
				SWIFT_OPTIMIZATION_LEVEL = "-O";
				VALIDATE_PRODUCT = YES;
			};
			name = Release;
		};
		55C652ED2168E33F00A6A90B /* Debug */ = {
			isa = XCBuildConfiguration;
			buildSettings = {
				ASSETCATALOG_COMPILER_APPICON_NAME = AppIcon;
				CODE_SIGN_STYLE = Automatic;
				INFOPLIST_FILE = rush/Info.plist;
				LD_RUNPATH_SEARCH_PATHS = (
					"$(inherited)",
					"@executable_path/Frameworks",
				);
				PRODUCT_BUNDLE_IDENTIFIER = rush.rush;
				PRODUCT_NAME = "$(TARGET_NAME)";
				SWIFT_VERSION = 4.0;
				TARGETED_DEVICE_FAMILY = "1,2";
			};
			name = Debug;
		};
		55C652EE2168E33F00A6A90B /* Release */ = {
			isa = XCBuildConfiguration;
			buildSettings = {
				ASSETCATALOG_COMPILER_APPICON_NAME = AppIcon;
				CODE_SIGN_STYLE = Automatic;
				INFOPLIST_FILE = rush/Info.plist;
				LD_RUNPATH_SEARCH_PATHS = (
					"$(inherited)",
					"@executable_path/Frameworks",
				);
				PRODUCT_BUNDLE_IDENTIFIER = rush.rush;
				PRODUCT_NAME = "$(TARGET_NAME)";
				SWIFT_VERSION = 4.0;
				TARGETED_DEVICE_FAMILY = "1,2";
			};
			name = Release;
		};
/* End XCBuildConfiguration section */

/* Begin XCConfigurationList section */
		55C652D52168E33400A6A90B /* Build configuration list for PBXProject "rush" */ = {
			isa = XCConfigurationList;
			buildConfigurations = (
				55C652EA2168E33F00A6A90B /* Debug */,
				55C652EB2168E33F00A6A90B /* Release */,
			);
			defaultConfigurationIsVisible = 0;
			defaultConfigurationName = Release;
		};
		55C652EC2168E33F00A6A90B /* Build configuration list for PBXNativeTarget "rush" */ = {
			isa = XCConfigurationList;
			buildConfigurations = (
				55C652ED2168E33F00A6A90B /* Debug */,
				55C652EE2168E33F00A6A90B /* Release */,
			);
			defaultConfigurationIsVisible = 0;
			defaultConfigurationName = Release;
		};
/* End XCConfigurationList section */
	};
	rootObject = 55C652D22168E33400A6A90B /* Project object */;
}
